lockfileVersion: '9.0'

settings:
  autoInstallPeers: true
  excludeLinksFromLockfile: false

importers:

  .:
    dependencies:
      fflate:
        specifier: 0.8.2
        version: 0.8.2
      satellite.js:
        specifier: 7.1.0
        version: 7.1.0
      ws:
        specifier: 8.22.0
        version: 8.22.0

packages:

  fflate@0.8.2:
    resolution: {integrity: sha512-cPJU47OaAoCbg0pBvzsgpTPhmhqI5eJjh/JIu8tPj5q+T7iLvW/JAYUqmE7KOB4R1ZyEhzBaIQpQpardBF5z8A==}

  satellite.js@7.1.0:
    resolution: {integrity: sha512-U6nRml9Nb7dV9LJPiMNPyna7U7ry+1nXYkOeCEG7K/YbojQQLHHmcjPisp03VNY+HLcbQHqbt7t4t1vQMaKCLQ==}

  ws@8.22.0:
    resolution: {integrity: sha512-Ydggc987+RO0AnWtZ/7Wq9FtNvcrL1b/RO0ud9mWjUPgDrsAAwQSF51sm2hm1XofbU/4jkpGEsLFsZZxU+1DOg==}
    engines: {node: '>=10.0.0'}
    peerDependencies:
      bufferutil: ^4.0.1
      utf-8-validate: '>=5.0.2'
    peerDependenciesMeta:
      bufferutil:
        optional: true
      utf-8-validate:
        optional: true

snapshots:

  fflate@0.8.2: {}

  satellite.js@7.1.0: {}

  ws@8.22.0: {}
